
Microsoft Visual Studio Solution File, Format Version 12.00
# Visual Studio Version 17
VisualStudioVersion = 17.2.32616.157
MinimumVisualStudioVersion = 10.0.40219.1
Project("{FAE04EC0-301F-11D3-BF4B-00C04F79EFBC}") = "MoviesAPI", "MoviesAPI\MoviesAPI.csproj", "{B74A2B45-9306-40D4-A4E0-F2FB24BA33AF}"
EndProject
Global
	GlobalSection(SolutionConfigurationPlatforms) = preSolution
		Debug|Any CPU = Debug|Any CPU
		Release|Any CPU = Release|Any CPU
	EndGlobalSection
	GlobalSection(ProjectConfigurationPlatforms) = postSolution
		{B74A2B45-9306-40D4-A4E0-F2FB24BA33AF}.Debug|Any CPU.ActiveCfg = Debug|Any CPU
		{B74A2B45-9306-40D4-A4E0-F2FB24BA33AF}.Debug|Any CPU.Build.0 = Debug|Any CPU
		{B74A2B45-9306-40D4-A4E0-F2FB24BA33AF}.Release|Any CPU.ActiveCfg = Release|Any CPU
		{B74A2B45-9306-40D4-A4E0-F2FB24BA33AF}.Release|Any CPU.Build.0 = Release|Any CPU
	EndGlobalSection
	GlobalSection(SolutionProperties) = preSolution
		HideSolutionNode = FALSE
	EndGlobalSection
	GlobalSection(ExtensibilityGlobals) = postSolution
		SolutionGuid = {679A0484-AB44-4E3A-BDD4-505AB8572074}
	EndGlobalSection
EndGlobal
